
Microsoft Visual Studio Solution File, Format Version 12.00
# Visual Studio 15
VisualStudioVersion = 15.0.26730.16
MinimumVisualStudioVersion = 10.0.40219.1
Project("{FAE04EC0-301F-11D3-BF4B-00C04F79EFBC}") = "MathTest", "MathTest\MathTest.csproj", "{80320F16-6EC0-47E5-B260-CF96FD2BBF10}"
EndProject
Global
	GlobalSection(SolutionConfigurationPlatforms) = preSolution
		Debug|Any CPU = Debug|Any CPU
		Release|Any CPU = Release|Any CPU
	EndGlobalSection
	GlobalSection(ProjectConfigurationPlatforms) = postSolution
		{80320F16-6EC0-47E5-B260-CF96FD2BBF10}.Debug|Any CPU.ActiveCfg = Debug|Any CPU
		{80320F16-6EC0-47E5-B260-CF96FD2BBF10}.Debug|Any CPU.Build.0 = Debug|Any CPU
		{80320F16-6EC0-47E5-B260-CF96FD2BBF10}.Release|Any CPU.ActiveCfg = Release|Any CPU
		{80320F16-6EC0-47E5-B260-CF96FD2BBF10}.Release|Any CPU.Build.0 = Release|Any CPU
	EndGlobalSection
	GlobalSection(SolutionProperties) = preSolution
		HideSolutionNode = FALSE
	EndGlobalSection
	GlobalSection(ExtensibilityGlobals) = postSolution
		SolutionGuid = {677DBE10-4AF3-4FC4-B026-4978E94666F1}
	EndGlobalSection
EndGlobal
